{
    "version": 3,
    "terraform_version": "0.11.0",
    "serial": 4,
    "lineage": "52223f4f-34fb-4367-961e-088f8ea744e9",
    "modules": [
        {
            "path": [
                "root"
            ],
            "outputs": {},
            "resources": {
                "aws_instance.foo": {
                    "type": "aws_instance",
                    "depends_on": [
                        "aws_network_interface.foo"
                    ],
                    "primary": {
                        "id": "i-0d7670f5dd050c0f7",
                        "attributes": {
                            "ami": "ami-22b9a343",
                            "associate_public_ip_address": "false",
                            "availability_zone": "us-west-2a",
                            "disable_api_termination": "false",
                            "ebs_block_device.#": "0",
                            "ebs_optimized": "false",
                            "ephemeral_block_device.#": "0",
                            "iam_instance_profile": "",
                            "id": "i-0d7670f5dd050c0f7",
                            "instance_state": "running",
                            "instance_type": "t2.micro",
                            "ipv6_addresses.#": "0",
                            "key_name": "",
                            "monitoring": "false",
                            "network_interface.#": "1",
                            "network_interface.3524262346.delete_on_termination": "false",
                            "network_interface.3524262346.device_index": "0",
                            "network_interface.3524262346.network_interface_id": "eni-fa0d17da",
                            "network_interface_id": "eni-fa0d17da",
                            "placement_group": "",
                            "primary_network_interface_id": "eni-fa0d17da",
                            "private_dns": "ip-172-16-10-100.us-west-2.compute.internal",
                            "private_ip": "172.16.10.100",
                            "public_dns": "",
                            "public_ip": "",
                            "root_block_device.#": "1",
                            "root_block_device.0.delete_on_termination": "true",
                            "root_block_device.0.iops": "0",
                            "root_block_device.0.volume_size": "8",
                            "root_block_device.0.volume_type": "standard",
                            "security_groups.#": "0",
                            "source_dest_check": "true",
                            "subnet_id": "subnet-44217b22",
                            "tags.%": "1",
                            "tags.Name": "yakathon",
                            "tenancy": "default",
                            "volume_tags.%": "0",
                            "vpc_security_group_ids.#": "1",
                            "vpc_security_group_ids.1891658156": "sg-e8a17594"
                        },
                        "meta": {
                            "e2bfb730-ecaa-11e6-8f88-34363bc7c4c0": {
                                "create": 600000000000,
                                "delete": 600000000000,
                                "update": 600000000000
                            },
                            "schema_version": "1"
                        },
                        "tainted": false
                    },
                    "deposed": [],
                    "provider": "provider.aws"
                },
                "aws_network_interface.foo": {
                    "type": "aws_network_interface",
                    "depends_on": [
                        "aws_subnet.my_subnet"
                    ],
                    "primary": {
                        "id": "eni-fa0d17da",
                        "attributes": {
                            "attachment.#": "1",
                            "attachment.2352069496.attachment_id": "eni-attach-efdea98b",
                            "attachment.2352069496.device_index": "0",
                            "attachment.2352069496.instance": "i-0d7670f5dd050c0f7",
                            "description": "",
                            "id": "eni-fa0d17da",
                            "private_dns_name": "",
                            "private_ip": "172.16.10.100",
                            "private_ips.#": "1",
                            "private_ips.2198773196": "172.16.10.100",
                            "security_groups.#": "1",
                            "security_groups.1891658156": "sg-e8a17594",
                            "source_dest_check": "true",
                            "subnet_id": "subnet-44217b22",
                            "tags.%": "1",
                            "tags.Name": "primary_network_interface"
                        },
                        "meta": {},
                        "tainted": false
                    },
                    "deposed": [],
                    "provider": "provider.aws"
                },
                "aws_subnet.my_subnet": {
                    "type": "aws_subnet",
                    "depends_on": [
                        "aws_vpc.my_vpc"
                    ],
                    "primary": {
                        "id": "subnet-44217b22",
                        "attributes": {
                            "assign_ipv6_address_on_creation": "false",
                            "availability_zone": "us-west-2a",
                            "cidr_block": "172.16.10.0/24",
                            "id": "subnet-44217b22",
                            "map_public_ip_on_launch": "false",
                            "tags.%": "1",
                            "tags.Name": "tf-example",
                            "vpc_id": "vpc-b9f2eedf"
                        },
                        "meta": {
                            "schema_version": "1"
                        },
                        "tainted": false
                    },
                    "deposed": [],
                    "provider": "provider.aws"
                },
                "aws_vpc.my_vpc": {
                    "type": "aws_vpc",
                    "depends_on": [],
                    "primary": {
                        "id": "vpc-b9f2eedf",
                        "attributes": {
                            "assign_generated_ipv6_cidr_block": "false",
                            "cidr_block": "172.16.0.0/16",
                            "default_network_acl_id": "acl-c866e7b1",
                            "default_route_table_id": "rtb-715f0408",
                            "default_security_group_id": "sg-e8a17594",
                            "dhcp_options_id": "dopt-1cada578",
                            "enable_classiclink": "false",
                            "enable_classiclink_dns_support": "false",
                            "enable_dns_hostnames": "false",
                            "enable_dns_support": "true",
                            "id": "vpc-b9f2eedf",
                            "instance_tenancy": "default",
                            "main_route_table_id": "rtb-715f0408",
                            "tags.%": "1",
                            "tags.Name": "tf-example"
                        },
                        "meta": {
                            "schema_version": "1"
                        },
                        "tainted": false
                    },
                    "deposed": [],
                    "provider": "provider.aws"
                }
            },
            "depends_on": []
        }
    ]
}
